// !$*UTF8*$!
{
	archiveVersion = 1;
	classes = {
	};
	objectVersion = 56;
	objects = {

/* Begin PBXBuildFile section */
		1B6AA3F4E183F03EC708922C /* Pods_CastSender.framework in Frameworks */ = {isa = PBXBuildFile; fileRef = 942A0C8101781CC845EBF3E3 /* Pods_CastSender.framework */; };
		E0B9C4F12CA1B03B008F1AFF /* AppDelegate.swift in Sources */ = {isa = PBXBuildFile; fileRef = E0B9C4F02CA1B03B008F1AFF /* AppDelegate.swift */; };
		E0B9C4F52CA1C73E008F1AFF /* CastButtonView.swift in Sources */ = {isa = PBXBuildFile; fileRef = E0B9C4F42CA1C73E008F1AFF /* CastButtonView.swift */; };
		E0CE2C2C2C94E26B00DDC5AE /* CastSenderApp.swift in Sources */ = {isa = PBXBuildFile; fileRef = E0CE2C2B2C94E26B00DDC5AE /* CastSenderApp.swift */; };
		E0CE2C2E2C94E26B00DDC5AE /* ContentView.swift in Sources */ = {isa = PBXBuildFile; fileRef = E0CE2C2D2C94E26B00DDC5AE /* ContentView.swift */; };
		E0CE2C302C94E26C00DDC5AE /* Assets.xcassets in Resources */ = {isa = PBXBuildFile; fileRef = E0CE2C2F2C94E26C00DDC5AE /* Assets.xcassets */; };
		E0CE2C332C94E26C00DDC5AE /* Preview Assets.xcassets in Resources */ = {isa = PBXBuildFile; fileRef = E0CE2C322C94E26C00DDC5AE /* Preview Assets.xcassets */; };
		E0CE2C3A2C94E29800DDC5AE /* ViewModel.swift in Sources */ = {isa = PBXBuildFile; fileRef = E0CE2C392C94E29800DDC5AE /* ViewModel.swift */; };
		E0CE2C3C2C94E2B900DDC5AE /* BroadcastModel.swift in Sources */ = {isa = PBXBuildFile; fileRef = E0CE2C3B2C94E2B900DDC5AE /* BroadcastModel.swift */; };
		E0CE2C3E2C96438900DDC5AE /* StreamPlayer.swift in Sources */ = {isa = PBXBuildFile; fileRef = E0CE2C3D2C96438900DDC5AE /* StreamPlayer.swift */; };
		E0CE2C432C964D5200DDC5AE /* StreamPlayerView.swift in Sources */ = {isa = PBXBuildFile; fileRef = E0CE2C422C964D5200DDC5AE /* StreamPlayerView.swift */; };
/* End PBXBuildFile section */

/* Begin PBXFileReference section */
		7CCD9686D2C96EA338B5C8F5 /* Pods-CastSender.release.xcconfig */ = {isa = PBXFileReference; includeInIndex = 1; lastKnownFileType = text.xcconfig; name = "Pods-CastSender.release.xcconfig"; path = "Target Support Files/Pods-CastSender/Pods-CastSender.release.xcconfig"; sourceTree = "<group>"; };
		942A0C8101781CC845EBF3E3 /* Pods_CastSender.framework */ = {isa = PBXFileReference; explicitFileType = wrapper.framework; includeInIndex = 0; path = Pods_CastSender.framework; sourceTree = BUILT_PRODUCTS_DIR; };
		C0C88C8B2CD90F42E0FDC6E6 /* Pods-CastSender.debug.xcconfig */ = {isa = PBXFileReference; includeInIndex = 1; lastKnownFileType = text.xcconfig; name = "Pods-CastSender.debug.xcconfig"; path = "Target Support Files/Pods-CastSender/Pods-CastSender.debug.xcconfig"; sourceTree = "<group>"; };
		E06D5EC42C99CBDF008649BE /* Info.plist */ = {isa = PBXFileReference; lastKnownFileType = text.plist; path = Info.plist; sourceTree = "<group>"; };
		E0B9C4F02CA1B03B008F1AFF /* AppDelegate.swift */ = {isa = PBXFileReference; lastKnownFileType = sourcecode.swift; path = AppDelegate.swift; sourceTree = "<group>"; };
		E0B9C4F42CA1C73E008F1AFF /* CastButtonView.swift */ = {isa = PBXFileReference; lastKnownFileType = sourcecode.swift; path = CastButtonView.swift; sourceTree = "<group>"; };
		E0CE2C282C94E26B00DDC5AE /* CastSender.app */ = {isa = PBXFileReference; explicitFileType = wrapper.application; includeInIndex = 0; path = CastSender.app; sourceTree = BUILT_PRODUCTS_DIR; };
		E0CE2C2B2C94E26B00DDC5AE /* CastSenderApp.swift */ = {isa = PBXFileReference; lastKnownFileType = sourcecode.swift; path = CastSenderApp.swift; sourceTree = "<group>"; };
		E0CE2C2D2C94E26B00DDC5AE /* ContentView.swift */ = {isa = PBXFileReference; lastKnownFileType = sourcecode.swift; path = ContentView.swift; sourceTree = "<group>"; };
		E0CE2C2F2C94E26C00DDC5AE /* Assets.xcassets */ = {isa = PBXFileReference; lastKnownFileType = folder.assetcatalog; path = Assets.xcassets; sourceTree = "<group>"; };
		E0CE2C322C94E26C00DDC5AE /* Preview Assets.xcassets */ = {isa = PBXFileReference; lastKnownFileType = folder.assetcatalog; path = "Preview Assets.xcassets"; sourceTree = "<group>"; };
		E0CE2C392C94E29800DDC5AE /* ViewModel.swift */ = {isa = PBXFileReference; lastKnownFileType = sourcecode.swift; path = ViewModel.swift; sourceTree = "<group>"; };
		E0CE2C3B2C94E2B900DDC5AE /* BroadcastModel.swift */ = {isa = PBXFileReference; lastKnownFileType = sourcecode.swift; path = BroadcastModel.swift; sourceTree = "<group>"; };
		E0CE2C3D2C96438900DDC5AE /* StreamPlayer.swift */ = {isa = PBXFileReference; lastKnownFileType = sourcecode.swift; path = StreamPlayer.swift; sourceTree = "<group>"; };
		E0CE2C422C964D5200DDC5AE /* StreamPlayerView.swift */ = {isa = PBXFileReference; lastKnownFileType = sourcecode.swift; path = StreamPlayerView.swift; sourceTree = "<group>"; };
/* End PBXFileReference section */

/* Begin PBXFrameworksBuildPhase section */
		E0CE2C252C94E26B00DDC5AE /* Frameworks */ = {
			isa = PBXFrameworksBuildPhase;
			buildActionMask = 2147483647;
			files = (
				1B6AA3F4E183F03EC708922C /* Pods_CastSender.framework in Frameworks */,
			);
			runOnlyForDeploymentPostprocessing = 0;
		};
/* End PBXFrameworksBuildPhase section */

/* Begin PBXGroup section */
		633AB5CE2ABD24470820FA19 /* Frameworks */ = {
			isa = PBXGroup;
			children = (
				942A0C8101781CC845EBF3E3 /* Pods_CastSender.framework */,
			);
			name = Frameworks;
			sourceTree = "<group>";
		};
		84C05F71426F8489E4C5484E /* Pods */ = {
			isa = PBXGroup;
			children = (
				C0C88C8B2CD90F42E0FDC6E6 /* Pods-CastSender.debug.xcconfig */,
				7CCD9686D2C96EA338B5C8F5 /* Pods-CastSender.release.xcconfig */,
			);
			path = Pods;
			sourceTree = "<group>";
		};
		E0CE2C1F2C94E26B00DDC5AE = {
			isa = PBXGroup;
			children = (
				E0CE2C2A2C94E26B00DDC5AE /* CastSender */,
				633AB5CE2ABD24470820FA19 /* Frameworks */,
				84C05F71426F8489E4C5484E /* Pods */,
				E0CE2C292C94E26B00DDC5AE /* Products */,
			);
			sourceTree = "<group>";
		};
		E0CE2C292C94E26B00DDC5AE /* Products */ = {
			isa = PBXGroup;
			children = (
				E0CE2C282C94E26B00DDC5AE /* CastSender.app */,
			);
			name = Products;
			sourceTree = "<group>";
		};
		E0CE2C2A2C94E26B00DDC5AE /* CastSender */ = {
			isa = PBXGroup;
			children = (
				E0CE2C2F2C94E26C00DDC5AE /* Assets.xcassets */,
				E0CE2C2B2C94E26B00DDC5AE /* CastSenderApp.swift */,
				E06D5EC42C99CBDF008649BE /* Info.plist */,
				E0CE2C402C964C3E00DDC5AE /* Model */,
				E0CE2C312C94E26C00DDC5AE /* Preview Content */,
				E0CE2C392C94E29800DDC5AE /* ViewModel.swift */,
				E0CE2C3F2C96491500DDC5AE /* Views */,
				E0B9C4F02CA1B03B008F1AFF /* AppDelegate.swift */,
			);
			path = CastSender;
			sourceTree = "<group>";
		};
		E0CE2C312C94E26C00DDC5AE /* Preview Content */ = {
			isa = PBXGroup;
			children = (
				E0CE2C322C94E26C00DDC5AE /* Preview Assets.xcassets */,
			);
			path = "Preview Content";
			sourceTree = "<group>";
		};
		E0CE2C3F2C96491500DDC5AE /* Views */ = {
			isa = PBXGroup;
			children = (
				E0CE2C412C964C9A00DDC5AE /* StreamPlayer */,
				E0CE2C2D2C94E26B00DDC5AE /* ContentView.swift */,
				E0B9C4F42CA1C73E008F1AFF /* CastButtonView.swift */,
			);
			path = Views;
			sourceTree = "<group>";
		};
		E0CE2C402C964C3E00DDC5AE /* Model */ = {
			isa = PBXGroup;
			children = (
				E0CE2C3B2C94E2B900DDC5AE /* BroadcastModel.swift */,
			);
			path = Model;
			sourceTree = "<group>";
		};
		E0CE2C412C964C9A00DDC5AE /* StreamPlayer */ = {
			isa = PBXGroup;
			children = (
				E0CE2C3D2C96438900DDC5AE /* StreamPlayer.swift */,
				E0CE2C422C964D5200DDC5AE /* StreamPlayerView.swift */,
			);
			path = StreamPlayer;
			sourceTree = "<group>";
		};
/* End PBXGroup section */

/* Begin PBXNativeTarget section */
		E0CE2C272C94E26B00DDC5AE /* CastSender */ = {
			isa = PBXNativeTarget;
			buildConfigurationList = E0CE2C362C94E26C00DDC5AE /* Build configuration list for PBXNativeTarget "CastSender" */;
			buildPhases = (
				1FBE10BB0C80988976E4AB17 /* [CP] Check Pods Manifest.lock */,
				E0CE2C242C94E26B00DDC5AE /* Sources */,
				E0CE2C252C94E26B00DDC5AE /* Frameworks */,
				E0CE2C262C94E26B00DDC5AE /* Resources */,
				F9C2EB36E1F3B177D2905EF3 /* [CP] Embed Pods Frameworks */,
				1A97F0E1D5B260EA4F312B6E /* [CP] Copy Pods Resources */,
			);
			buildRules = (
			);
			dependencies = (
			);
			name = CastSender;
			productName = CastSender;
			productReference = E0CE2C282C94E26B00DDC5AE /* CastSender.app */;
			productType = "com.apple.product-type.application";
		};
/* End PBXNativeTarget section */

/* Begin PBXProject section */
		E0CE2C202C94E26B00DDC5AE /* Project object */ = {
			isa = PBXProject;
			attributes = {
				BuildIndependentTargetsInParallel = 1;
				LastSwiftUpdateCheck = 1540;
				LastUpgradeCheck = 1540;
				TargetAttributes = {
					E0CE2C272C94E26B00DDC5AE = {
						CreatedOnToolsVersion = 15.4;
					};
				};
			};
			buildConfigurationList = E0CE2C232C94E26B00DDC5AE /* Build configuration list for PBXProject "CastSender" */;
			compatibilityVersion = "Xcode 14.0";
			developmentRegion = en;
			hasScannedForEncodings = 0;
			knownRegions = (
				en,
				Base,
			);
			mainGroup = E0CE2C1F2C94E26B00DDC5AE;
			productRefGroup = E0CE2C292C94E26B00DDC5AE /* Products */;
			projectDirPath = "";
			projectRoot = "";
			targets = (
				E0CE2C272C94E26B00DDC5AE /* CastSender */,
			);
		};
/* End PBXProject section */

/* Begin PBXResourcesBuildPhase section */
		E0CE2C262C94E26B00DDC5AE /* Resources */ = {
			isa = PBXResourcesBuildPhase;
			buildActionMask = 2147483647;
			files = (
				E0CE2C332C94E26C00DDC5AE /* Preview Assets.xcassets in Resources */,
				E0CE2C302C94E26C00DDC5AE /* Assets.xcassets in Resources */,
			);
			runOnlyForDeploymentPostprocessing = 0;
		};
/* End PBXResourcesBuildPhase section */

/* Begin PBXShellScriptBuildPhase section */
		1A97F0E1D5B260EA4F312B6E /* [CP] Copy Pods Resources */ = {
			isa = PBXShellScriptBuildPhase;
			buildActionMask = 2147483647;
			files = (
			);
			inputFileListPaths = (
				"${PODS_ROOT}/Target Support Files/Pods-CastSender/Pods-CastSender-resources-${CONFIGURATION}-input-files.xcfilelist",
			);
			name = "[CP] Copy Pods Resources";
			outputFileListPaths = (
				"${PODS_ROOT}/Target Support Files/Pods-CastSender/Pods-CastSender-resources-${CONFIGURATION}-output-files.xcfilelist",
			);
			runOnlyForDeploymentPostprocessing = 0;
			shellPath = /bin/sh;
			shellScript = "\"${PODS_ROOT}/Target Support Files/Pods-CastSender/Pods-CastSender-resources.sh\"\n";
			showEnvVarsInLog = 0;
		};
		1FBE10BB0C80988976E4AB17 /* [CP] Check Pods Manifest.lock */ = {
			isa = PBXShellScriptBuildPhase;
			buildActionMask = 2147483647;
			files = (
			);
			inputFileListPaths = (
			);
			inputPaths = (
				"${PODS_PODFILE_DIR_PATH}/Podfile.lock",
				"${PODS_ROOT}/Manifest.lock",
			);
			name = "[CP] Check Pods Manifest.lock";
			outputFileListPaths = (
			);
			outputPaths = (
				"$(DERIVED_FILE_DIR)/Pods-CastSender-checkManifestLockResult.txt",
			);
			runOnlyForDeploymentPostprocessing = 0;
			shellPath = /bin/sh;
			shellScript = "diff \"${PODS_PODFILE_DIR_PATH}/Podfile.lock\" \"${PODS_ROOT}/Manifest.lock\" > /dev/null\nif [ $? != 0 ] ; then\n    # print error to STDERR\n    echo \"error: The sandbox is not in sync with the Podfile.lock. Run 'pod install' or update your CocoaPods installation.\" >&2\n    exit 1\nfi\n# This output is used by Xcode 'outputs' to avoid re-running this script phase.\necho \"SUCCESS\" > \"${SCRIPT_OUTPUT_FILE_0}\"\n";
			showEnvVarsInLog = 0;
		};
		F9C2EB36E1F3B177D2905EF3 /* [CP] Embed Pods Frameworks */ = {
			isa = PBXShellScriptBuildPhase;
			buildActionMask = 2147483647;
			files = (
			);
			inputFileListPaths = (
				"${PODS_ROOT}/Target Support Files/Pods-CastSender/Pods-CastSender-frameworks-${CONFIGURATION}-input-files.xcfilelist",
			);
			name = "[CP] Embed Pods Frameworks";
			outputFileListPaths = (
				"${PODS_ROOT}/Target Support Files/Pods-CastSender/Pods-CastSender-frameworks-${CONFIGURATION}-output-files.xcfilelist",
			);
			runOnlyForDeploymentPostprocessing = 0;
			shellPath = /bin/sh;
			shellScript = "\"${PODS_ROOT}/Target Support Files/Pods-CastSender/Pods-CastSender-frameworks.sh\"\n";
			showEnvVarsInLog = 0;
		};
/* End PBXShellScriptBuildPhase section */

/* Begin PBXSourcesBuildPhase section */
		E0CE2C242C94E26B00DDC5AE /* Sources */ = {
			isa = PBXSourcesBuildPhase;
			buildActionMask = 2147483647;
			files = (
				E0CE2C2E2C94E26B00DDC5AE /* ContentView.swift in Sources */,
				E0B9C4F52CA1C73E008F1AFF /* CastButtonView.swift in Sources */,
				E0CE2C3A2C94E29800DDC5AE /* ViewModel.swift in Sources */,
				E0CE2C432C964D5200DDC5AE /* StreamPlayerView.swift in Sources */,
				E0CE2C3E2C96438900DDC5AE /* StreamPlayer.swift in Sources */,
				E0B9C4F12CA1B03B008F1AFF /* AppDelegate.swift in Sources */,
				E0CE2C2C2C94E26B00DDC5AE /* CastSenderApp.swift in Sources */,
				E0CE2C3C2C94E2B900DDC5AE /* BroadcastModel.swift in Sources */,
			);
			runOnlyForDeploymentPostprocessing = 0;
		};
/* End PBXSourcesBuildPhase section */

/* Begin XCBuildConfiguration section */
		E0CE2C342C94E26C00DDC5AE /* Debug */ = {
			isa = XCBuildConfiguration;
			buildSettings = {
				ALWAYS_SEARCH_USER_PATHS = NO;
				ASSETCATALOG_COMPILER_GENERATE_SWIFT_ASSET_SYMBOL_EXTENSIONS = YES;
				CLANG_ANALYZER_NONNULL = YES;
				CLANG_ANALYZER_NUMBER_OBJECT_CONVERSION = YES_AGGRESSIVE;
				CLANG_CXX_LANGUAGE_STANDARD = "gnu++20";
				CLANG_ENABLE_MODULES = YES;
				CLANG_ENABLE_OBJC_ARC = YES;
				CLANG_ENABLE_OBJC_WEAK = YES;
				CLANG_WARN_BLOCK_CAPTURE_AUTORELEASING = YES;
				CLANG_WARN_BOOL_CONVERSION = YES;
				CLANG_WARN_COMMA = YES;
				CLANG_WARN_CONSTANT_CONVERSION = YES;
				CLANG_WARN_DEPRECATED_OBJC_IMPLEMENTATIONS = YES;
				CLANG_WARN_DIRECT_OBJC_ISA_USAGE = YES_ERROR;
				CLANG_WARN_DOCUMENTATION_COMMENTS = YES;
				CLANG_WARN_EMPTY_BODY = YES;
				CLANG_WARN_ENUM_CONVERSION = YES;
				CLANG_WARN_INFINITE_RECURSION = YES;
				CLANG_WARN_INT_CONVERSION = YES;
				CLANG_WARN_NON_LITERAL_NULL_CONVERSION = YES;
				CLANG_WARN_OBJC_IMPLICIT_RETAIN_SELF = YES;
				CLANG_WARN_OBJC_LITERAL_CONVERSION = YES;
				CLANG_WARN_OBJC_ROOT_CLASS = YES_ERROR;
				CLANG_WARN_QUOTED_INCLUDE_IN_FRAMEWORK_HEADER = YES;
				CLANG_WARN_RANGE_LOOP_ANALYSIS = YES;
				CLANG_WARN_STRICT_PROTOTYPES = YES;
				CLANG_WARN_SUSPICIOUS_MOVE = YES;
				CLANG_WARN_UNGUARDED_AVAILABILITY = YES_AGGRESSIVE;
				CLANG_WARN_UNREACHABLE_CODE = YES;
				CLANG_WARN__DUPLICATE_METHOD_MATCH = YES;
				COPY_PHASE_STRIP = NO;
				DEBUG_INFORMATION_FORMAT = dwarf;
				ENABLE_STRICT_OBJC_MSGSEND = YES;
				ENABLE_TESTABILITY = YES;
				ENABLE_USER_SCRIPT_SANDBOXING = YES;
				GCC_C_LANGUAGE_STANDARD = gnu17;
				GCC_DYNAMIC_NO_PIC = NO;
				GCC_NO_COMMON_BLOCKS = YES;
				GCC_OPTIMIZATION_LEVEL = 0;
				GCC_PREPROCESSOR_DEFINITIONS = (
					"DEBUG=1",
					"$(inherited)",
				);
				GCC_WARN_64_TO_32_BIT_CONVERSION = YES;
				GCC_WARN_ABOUT_RETURN_TYPE = YES_ERROR;
				GCC_WARN_UNDECLARED_SELECTOR = YES;
				GCC_WARN_UNINITIALIZED_AUTOS = YES_AGGRESSIVE;
				GCC_WARN_UNUSED_FUNCTION = YES;
				GCC_WARN_UNUSED_VARIABLE = YES;
				IPHONEOS_DEPLOYMENT_TARGET = 17.5;
				LOCALIZATION_PREFERS_STRING_CATALOGS = YES;
				MTL_ENABLE_DEBUG_INFO = INCLUDE_SOURCE;
				MTL_FAST_MATH = YES;
				ONLY_ACTIVE_ARCH = YES;
				SDKROOT = iphoneos;
				SWIFT_ACTIVE_COMPILATION_CONDITIONS = "DEBUG $(inherited)";
				SWIFT_OPTIMIZATION_LEVEL = "-Onone";
			};
			name = Debug;
		};
		E0CE2C352C94E26C00DDC5AE /* Release */ = {
			isa = XCBuildConfiguration;
			buildSettings = {
				ALWAYS_SEARCH_USER_PATHS = NO;
				ASSETCATALOG_COMPILER_GENERATE_SWIFT_ASSET_SYMBOL_EXTENSIONS = YES;
				CLANG_ANALYZER_NONNULL = YES;
				CLANG_ANALYZER_NUMBER_OBJECT_CONVERSION = YES_AGGRESSIVE;
				CLANG_CXX_LANGUAGE_STANDARD = "gnu++20";
				CLANG_ENABLE_MODULES = YES;
				CLANG_ENABLE_OBJC_ARC = YES;
				CLANG_ENABLE_OBJC_WEAK = YES;
				CLANG_WARN_BLOCK_CAPTURE_AUTORELEASING = YES;
				CLANG_WARN_BOOL_CONVERSION = YES;
				CLANG_WARN_COMMA = YES;
				CLANG_WARN_CONSTANT_CONVERSION = YES;
				CLANG_WARN_DEPRECATED_OBJC_IMPLEMENTATIONS = YES;
				CLANG_WARN_DIRECT_OBJC_ISA_USAGE = YES_ERROR;
				CLANG_WARN_DOCUMENTATION_COMMENTS = YES;
				CLANG_WARN_EMPTY_BODY = YES;
				CLANG_WARN_ENUM_CONVERSION = YES;
				CLANG_WARN_INFINITE_RECURSION = YES;
				CLANG_WARN_INT_CONVERSION = YES;
				CLANG_WARN_NON_LITERAL_NULL_CONVERSION = YES;
				CLANG_WARN_OBJC_IMPLICIT_RETAIN_SELF = YES;
				CLANG_WARN_OBJC_LITERAL_CONVERSION = YES;
				CLANG_WARN_OBJC_ROOT_CLASS = YES_ERROR;
				CLANG_WARN_QUOTED_INCLUDE_IN_FRAMEWORK_HEADER = YES;
				CLANG_WARN_RANGE_LOOP_ANALYSIS = YES;
				CLANG_WARN_STRICT_PROTOTYPES = YES;
				CLANG_WARN_SUSPICIOUS_MOVE = YES;
				CLANG_WARN_UNGUARDED_AVAILABILITY = YES_AGGRESSIVE;
				CLANG_WARN_UNREACHABLE_CODE = YES;
				CLANG_WARN__DUPLICATE_METHOD_MATCH = YES;
				COPY_PHASE_STRIP = NO;
				DEBUG_INFORMATION_FORMAT = "dwarf-with-dsym";
				ENABLE_NS_ASSERTIONS = NO;
				ENABLE_STRICT_OBJC_MSGSEND = YES;
				ENABLE_USER_SCRIPT_SANDBOXING = YES;
				GCC_C_LANGUAGE_STANDARD = gnu17;
				GCC_NO_COMMON_BLOCKS = YES;
				GCC_WARN_64_TO_32_BIT_CONVERSION = YES;
				GCC_WARN_ABOUT_RETURN_TYPE = YES_ERROR;
				GCC_WARN_UNDECLARED_SELECTOR = YES;
				GCC_WARN_UNINITIALIZED_AUTOS = YES_AGGRESSIVE;
				GCC_WARN_UNUSED_FUNCTION = YES;
				GCC_WARN_UNUSED_VARIABLE = YES;
				IPHONEOS_DEPLOYMENT_TARGET = 17.5;
				LOCALIZATION_PREFERS_STRING_CATALOGS = YES;
				MTL_ENABLE_DEBUG_INFO = NO;
				MTL_FAST_MATH = YES;
				SDKROOT = iphoneos;
				SWIFT_COMPILATION_MODE = wholemodule;
				VALIDATE_PRODUCT = YES;
			};
			name = Release;
		};
		E0CE2C372C94E26C00DDC5AE /* Debug */ = {
			isa = XCBuildConfiguration;
			baseConfigurationReference = C0C88C8B2CD90F42E0FDC6E6 /* Pods-CastSender.debug.xcconfig */;
			buildSettings = {
				ASSETCATALOG_COMPILER_APPICON_NAME = AppIcon;
				ASSETCATALOG_COMPILER_GLOBAL_ACCENT_COLOR_NAME = AccentColor;
				CODE_SIGN_STYLE = Automatic;
				CURRENT_PROJECT_VERSION = 1;
				DEVELOPMENT_ASSET_PATHS = "\"CastSender/Preview Content\"";
				DEVELOPMENT_TEAM = FM7QXU526L;
				ENABLE_PREVIEWS = YES;
				ENABLE_USER_SCRIPT_SANDBOXING = NO;
				GENERATE_INFOPLIST_FILE = YES;
				INFOPLIST_FILE = CastSender/Info.plist;
				INFOPLIST_KEY_LSApplicationCategoryType = "";
				INFOPLIST_KEY_UIApplicationSceneManifest_Generation = YES;
				INFOPLIST_KEY_UIApplicationSupportsIndirectInputEvents = YES;
				INFOPLIST_KEY_UILaunchScreen_Generation = YES;
				INFOPLIST_KEY_UISupportedInterfaceOrientations_iPad = "UIInterfaceOrientationPortrait UIInterfaceOrientationPortraitUpsideDown UIInterfaceOrientationLandscapeLeft UIInterfaceOrientationLandscapeRight";
				INFOPLIST_KEY_UISupportedInterfaceOrientations_iPhone = "UIInterfaceOrientationPortrait UIInterfaceOrientationLandscapeLeft UIInterfaceOrientationLandscapeRight";
				LD_RUNPATH_SEARCH_PATHS = (
					"$(inherited)",
					"@executable_path/Frameworks",
				);
				MARKETING_VERSION = 1.0;
				PRODUCT_BUNDLE_IDENTIFIER = "m-a-s.CastSender";
				PRODUCT_NAME = "$(TARGET_NAME)";
				SWIFT_EMIT_LOC_STRINGS = YES;
				SWIFT_VERSION = 5.0;
				TARGETED_DEVICE_FAMILY = "1,2";
			};
			name = Debug;
		};
		E0CE2C382C94E26C00DDC5AE /* Release */ = {
			isa = XCBuildConfiguration;
			baseConfigurationReference = 7CCD9686D2C96EA338B5C8F5 /* Pods-CastSender.release.xcconfig */;
			buildSettings = {
				ASSETCATALOG_COMPILER_APPICON_NAME = AppIcon;
				ASSETCATALOG_COMPILER_GLOBAL_ACCENT_COLOR_NAME = AccentColor;
				CODE_SIGN_STYLE = Automatic;
				CURRENT_PROJECT_VERSION = 1;
				DEVELOPMENT_ASSET_PATHS = "\"CastSender/Preview Content\"";
				DEVELOPMENT_TEAM = FM7QXU526L;
				ENABLE_PREVIEWS = YES;
				ENABLE_USER_SCRIPT_SANDBOXING = NO;
				GENERATE_INFOPLIST_FILE = YES;
				INFOPLIST_FILE = CastSender/Info.plist;
				INFOPLIST_KEY_LSApplicationCategoryType = "";
				INFOPLIST_KEY_UIApplicationSceneManifest_Generation = YES;
				INFOPLIST_KEY_UIApplicationSupportsIndirectInputEvents = YES;
				INFOPLIST_KEY_UILaunchScreen_Generation = YES;
				INFOPLIST_KEY_UISupportedInterfaceOrientations_iPad = "UIInterfaceOrientationPortrait UIInterfaceOrientationPortraitUpsideDown UIInterfaceOrientationLandscapeLeft UIInterfaceOrientationLandscapeRight";
				INFOPLIST_KEY_UISupportedInterfaceOrientations_iPhone = "UIInterfaceOrientationPortrait UIInterfaceOrientationLandscapeLeft UIInterfaceOrientationLandscapeRight";
				LD_RUNPATH_SEARCH_PATHS = (
					"$(inherited)",
					"@executable_path/Frameworks",
				);
				MARKETING_VERSION = 1.0;
				PRODUCT_BUNDLE_IDENTIFIER = "m-a-s.CastSender";
				PRODUCT_NAME = "$(TARGET_NAME)";
				SWIFT_EMIT_LOC_STRINGS = YES;
				SWIFT_VERSION = 5.0;
				TARGETED_DEVICE_FAMILY = "1,2";
			};
			name = Release;
		};
/* End XCBuildConfiguration section */

/* Begin XCConfigurationList section */
		E0CE2C232C94E26B00DDC5AE /* Build configuration list for PBXProject "CastSender" */ = {
			isa = XCConfigurationList;
			buildConfigurations = (
				E0CE2C342C94E26C00DDC5AE /* Debug */,
				E0CE2C352C94E26C00DDC5AE /* Release */,
			);
			defaultConfigurationIsVisible = 0;
			defaultConfigurationName = Release;
		};
		E0CE2C362C94E26C00DDC5AE /* Build configuration list for PBXNativeTarget "CastSender" */ = {
			isa = XCConfigurationList;
			buildConfigurations = (
				E0CE2C372C94E26C00DDC5AE /* Debug */,
				E0CE2C382C94E26C00DDC5AE /* Release */,
			);
			defaultConfigurationIsVisible = 0;
			defaultConfigurationName = Release;
		};
/* End XCConfigurationList section */
	};
	rootObject = E0CE2C202C94E26B00DDC5AE /* Project object */;
}
